
Microsoft Visual Studio Solution File, Format Version 12.00
# Visual Studio 2012
Project("{FAE04EC0-301F-11D3-BF4B-00C04F79EFBC}") = "MapApiApp", "MapApiApp\MapApiApp.csproj", "{18DCC5EE-B3A9-4E0F-9307-8BDAFA0D2401}"
EndProject
Project("{FAE04EC0-301F-11D3-BF4B-00C04F79EFBC}") = "MapApiApp.iOS", "iOS\MapApiApp.iOS.csproj", "{0A8B900E-D3F0-44B0-AEEB-3BC0F3353C13}"
EndProject
Project("{FAE04EC0-301F-11D3-BF4B-00C04F79EFBC}") = "MapApiApp.Droid", "Droid\MapApiApp.Droid.csproj", "{87E95ACC-5A3D-4529-AF2D-5FC2044E9EC4}"
EndProject
Global
	GlobalSection(SolutionConfigurationPlatforms) = preSolution
		Debug|Any CPU = Debug|Any CPU
		Release|Any CPU = Release|Any CPU
		Debug|iPhoneSimulator = Debug|iPhoneSimulator
		Release|iPhone = Release|iPhone
		Release|iPhoneSimulator = Release|iPhoneSimulator
		Debug|iPhone = Debug|iPhone
	EndGlobalSection
	GlobalSection(ProjectConfigurationPlatforms) = postSolution
		{18DCC5EE-B3A9-4E0F-9307-8BDAFA0D2401}.Debug|Any CPU.ActiveCfg = Debug|Any CPU
		{18DCC5EE-B3A9-4E0F-9307-8BDAFA0D2401}.Debug|Any CPU.Build.0 = Debug|Any CPU
		{18DCC5EE-B3A9-4E0F-9307-8BDAFA0D2401}.Release|Any CPU.ActiveCfg = Release|Any CPU
		{18DCC5EE-B3A9-4E0F-9307-8BDAFA0D2401}.Release|Any CPU.Build.0 = Release|Any CPU
		{18DCC5EE-B3A9-4E0F-9307-8BDAFA0D2401}.Debug|iPhoneSimulator.ActiveCfg = Debug|Any CPU
		{18DCC5EE-B3A9-4E0F-9307-8BDAFA0D2401}.Debug|iPhoneSimulator.Build.0 = Debug|Any CPU
		{18DCC5EE-B3A9-4E0F-9307-8BDAFA0D2401}.Release|iPhone.ActiveCfg = Release|Any CPU
		{18DCC5EE-B3A9-4E0F-9307-8BDAFA0D2401}.Release|iPhone.Build.0 = Release|Any CPU
		{18DCC5EE-B3A9-4E0F-9307-8BDAFA0D2401}.Release|iPhoneSimulator.ActiveCfg = Release|Any CPU
		{18DCC5EE-B3A9-4E0F-9307-8BDAFA0D2401}.Release|iPhoneSimulator.Build.0 = Release|Any CPU
		{18DCC5EE-B3A9-4E0F-9307-8BDAFA0D2401}.Debug|iPhone.ActiveCfg = Debug|Any CPU
		{18DCC5EE-B3A9-4E0F-9307-8BDAFA0D2401}.Debug|iPhone.Build.0 = Debug|Any CPU
		{0A8B900E-D3F0-44B0-AEEB-3BC0F3353C13}.Debug|Any CPU.ActiveCfg = Debug|iPhoneSimulator
		{0A8B900E-D3F0-44B0-AEEB-3BC0F3353C13}.Debug|Any CPU.Build.0 = Debug|iPhoneSimulator
		{0A8B900E-D3F0-44B0-AEEB-3BC0F3353C13}.Release|Any CPU.ActiveCfg = Release|iPhone
		{0A8B900E-D3F0-44B0-AEEB-3BC0F3353C13}.Release|Any CPU.Build.0 = Release|iPhone
		{0A8B900E-D3F0-44B0-AEEB-3BC0F3353C13}.Debug|iPhoneSimulator.ActiveCfg = Debug|iPhoneSimulator
		{0A8B900E-D3F0-44B0-AEEB-3BC0F3353C13}.Debug|iPhoneSimulator.Build.0 = Debug|iPhoneSimulator
		{0A8B900E-D3F0-44B0-AEEB-3BC0F3353C13}.Release|iPhone.ActiveCfg = Release|iPhone
		{0A8B900E-D3F0-44B0-AEEB-3BC0F3353C13}.Release|iPhone.Build.0 = Release|iPhone
		{0A8B900E-D3F0-44B0-AEEB-3BC0F3353C13}.Release|iPhoneSimulator.ActiveCfg = Release|iPhoneSimulator
		{0A8B900E-D3F0-44B0-AEEB-3BC0F3353C13}.Release|iPhoneSimulator.Build.0 = Release|iPhoneSimulator
		{0A8B900E-D3F0-44B0-AEEB-3BC0F3353C13}.Debug|iPhone.ActiveCfg = Debug|iPhone
		{0A8B900E-D3F0-44B0-AEEB-3BC0F3353C13}.Debug|iPhone.Build.0 = Debug|iPhone
		{87E95ACC-5A3D-4529-AF2D-5FC2044E9EC4}.Debug|Any CPU.ActiveCfg = Debug|Any CPU
		{87E95ACC-5A3D-4529-AF2D-5FC2044E9EC4}.Debug|Any CPU.Build.0 = Debug|Any CPU
		{87E95ACC-5A3D-4529-AF2D-5FC2044E9EC4}.Release|Any CPU.ActiveCfg = Release|Any CPU
		{87E95ACC-5A3D-4529-AF2D-5FC2044E9EC4}.Release|Any CPU.Build.0 = Release|Any CPU
		{87E95ACC-5A3D-4529-AF2D-5FC2044E9EC4}.Debug|iPhoneSimulator.ActiveCfg = Debug|Any CPU
		{87E95ACC-5A3D-4529-AF2D-5FC2044E9EC4}.Debug|iPhoneSimulator.Build.0 = Debug|Any CPU
		{87E95ACC-5A3D-4529-AF2D-5FC2044E9EC4}.Release|iPhone.ActiveCfg = Release|Any CPU
		{87E95ACC-5A3D-4529-AF2D-5FC2044E9EC4}.Release|iPhone.Build.0 = Release|Any CPU
		{87E95ACC-5A3D-4529-AF2D-5FC2044E9EC4}.Release|iPhoneSimulator.ActiveCfg = Release|Any CPU
		{87E95ACC-5A3D-4529-AF2D-5FC2044E9EC4}.Release|iPhoneSimulator.Build.0 = Release|Any CPU
		{87E95ACC-5A3D-4529-AF2D-5FC2044E9EC4}.Debug|iPhone.ActiveCfg = Debug|Any CPU
		{87E95ACC-5A3D-4529-AF2D-5FC2044E9EC4}.Debug|iPhone.Build.0 = Debug|Any CPU
	EndGlobalSection
EndGlobal
